
Microsoft Visual Studio Solution File, Format Version 12.00
# Visual Studio Version 17
VisualStudioVersion = 17.5.33530.505
MinimumVisualStudioVersion = 10.0.40219.1
Project("{FAE04EC0-301F-11D3-BF4B-00C04F79EFBC}") = "ConnectFour", "ConnectFour\ConnectFour.csproj", "{016B5F9D-D97D-4757-8F7F-D6F107608438}"
EndProject
Global
	GlobalSection(SolutionConfigurationPlatforms) = preSolution
		Debug|Any CPU = Debug|Any CPU
		Release|Any CPU = Release|Any CPU
	EndGlobalSection
	GlobalSection(ProjectConfigurationPlatforms) = postSolution
		{016B5F9D-D97D-4757-8F7F-D6F107608438}.Debug|Any CPU.ActiveCfg = Debug|Any CPU
		{016B5F9D-D97D-4757-8F7F-D6F107608438}.Debug|Any CPU.Build.0 = Debug|Any CPU
		{016B5F9D-D97D-4757-8F7F-D6F107608438}.Release|Any CPU.ActiveCfg = Release|Any CPU
		{016B5F9D-D97D-4757-8F7F-D6F107608438}.Release|Any CPU.Build.0 = Release|Any CPU
	EndGlobalSection
	GlobalSection(SolutionProperties) = preSolution
		HideSolutionNode = FALSE
	EndGlobalSection
	GlobalSection(ExtensibilityGlobals) = postSolution
		SolutionGuid = {02A433BC-898F-4F5B-8EC9-F70E3DFF76BD}
	EndGlobalSection
EndGlobal
